
Microsoft Visual Studio Solution File, Format Version 12.00
Project("{FAE04EC0-301F-11D3-BF4B-00C04F79EFBC}") = "UniverVillBot", "UniverVillBot\UniverVillBot.csproj", "{BA321347-EC7C-4522-8C50-F30F45E77A76}"
EndProject
Project("{FAE04EC0-301F-11D3-BF4B-00C04F79EFBC}") = "DIContainer", "DIContainer\DIContainer.csproj", "{3C9ACBDA-14AB-4E76-B034-A1F3F50E19F7}"
EndProject
Project("{FAE04EC0-301F-11D3-BF4B-00C04F79EFBC}") = "MicroORM", "MicroORM\MicroORM.csproj", "{E014FBA5-4A67-4640-8AF5-B51B5E6CE8E8}"
EndProject
Project("{FAE04EC0-301F-11D3-BF4B-00C04F79EFBC}") = "Persistence", "Persistence\Persistence.csproj", "{BBD83DEB-D653-41C5-9F1C-1B615EF7F462}"
EndProject
Project("{FAE04EC0-301F-11D3-BF4B-00C04F79EFBC}") = "Application", "Application\Application.csproj", "{46EA7501-AF2E-4686-A2F2-59D7D4A55F08}"
EndProject
Project("{FAE04EC0-301F-11D3-BF4B-00C04F79EFBC}") = "Core", "Core\Core.csproj", "{B0D2AAC4-4C91-4BEB-B406-49E58801124C}"
EndProject
Global
	GlobalSection(SolutionConfigurationPlatforms) = preSolution
		Debug|Any CPU = Debug|Any CPU
		Release|Any CPU = Release|Any CPU
	EndGlobalSection
	GlobalSection(ProjectConfigurationPlatforms) = postSolution
		{BA321347-EC7C-4522-8C50-F30F45E77A76}.Debug|Any CPU.ActiveCfg = Debug|Any CPU
		{BA321347-EC7C-4522-8C50-F30F45E77A76}.Debug|Any CPU.Build.0 = Debug|Any CPU
		{BA321347-EC7C-4522-8C50-F30F45E77A76}.Release|Any CPU.ActiveCfg = Release|Any CPU
		{BA321347-EC7C-4522-8C50-F30F45E77A76}.Release|Any CPU.Build.0 = Release|Any CPU
		{3C9ACBDA-14AB-4E76-B034-A1F3F50E19F7}.Debug|Any CPU.ActiveCfg = Debug|Any CPU
		{3C9ACBDA-14AB-4E76-B034-A1F3F50E19F7}.Debug|Any CPU.Build.0 = Debug|Any CPU
		{3C9ACBDA-14AB-4E76-B034-A1F3F50E19F7}.Release|Any CPU.ActiveCfg = Release|Any CPU
		{3C9ACBDA-14AB-4E76-B034-A1F3F50E19F7}.Release|Any CPU.Build.0 = Release|Any CPU
		{E014FBA5-4A67-4640-8AF5-B51B5E6CE8E8}.Debug|Any CPU.ActiveCfg = Debug|Any CPU
		{E014FBA5-4A67-4640-8AF5-B51B5E6CE8E8}.Debug|Any CPU.Build.0 = Debug|Any CPU
		{E014FBA5-4A67-4640-8AF5-B51B5E6CE8E8}.Release|Any CPU.ActiveCfg = Release|Any CPU
		{E014FBA5-4A67-4640-8AF5-B51B5E6CE8E8}.Release|Any CPU.Build.0 = Release|Any CPU
		{BBD83DEB-D653-41C5-9F1C-1B615EF7F462}.Debug|Any CPU.ActiveCfg = Debug|Any CPU
		{BBD83DEB-D653-41C5-9F1C-1B615EF7F462}.Debug|Any CPU.Build.0 = Debug|Any CPU
		{BBD83DEB-D653-41C5-9F1C-1B615EF7F462}.Release|Any CPU.ActiveCfg = Release|Any CPU
		{BBD83DEB-D653-41C5-9F1C-1B615EF7F462}.Release|Any CPU.Build.0 = Release|Any CPU
		{46EA7501-AF2E-4686-A2F2-59D7D4A55F08}.Debug|Any CPU.ActiveCfg = Debug|Any CPU
		{46EA7501-AF2E-4686-A2F2-59D7D4A55F08}.Debug|Any CPU.Build.0 = Debug|Any CPU
		{46EA7501-AF2E-4686-A2F2-59D7D4A55F08}.Release|Any CPU.ActiveCfg = Release|Any CPU
		{46EA7501-AF2E-4686-A2F2-59D7D4A55F08}.Release|Any CPU.Build.0 = Release|Any CPU
		{B0D2AAC4-4C91-4BEB-B406-49E58801124C}.Debug|Any CPU.ActiveCfg = Debug|Any CPU
		{B0D2AAC4-4C91-4BEB-B406-49E58801124C}.Debug|Any CPU.Build.0 = Debug|Any CPU
		{B0D2AAC4-4C91-4BEB-B406-49E58801124C}.Release|Any CPU.ActiveCfg = Release|Any CPU
		{B0D2AAC4-4C91-4BEB-B406-49E58801124C}.Release|Any CPU.Build.0 = Release|Any CPU
	EndGlobalSection
EndGlobal
